
Microsoft Visual Studio Solution File, Format Version 12.00
# Visual Studio Version 17
VisualStudioVersion = 17.7.34009.444
MinimumVisualStudioVersion = 10.0.40219.1
Project("{FAE04EC0-301F-11D3-BF4B-00C04F79EFBC}") = "SortedDictionary", "SortedDictionary.csproj", "{C176DA88-9FFD-4D11-9ACD-44D5B713304C}"
EndProject
Global
	GlobalSection(SolutionConfigurationPlatforms) = preSolution
		Debug|Any CPU = Debug|Any CPU
		Release|Any CPU = Release|Any CPU
	EndGlobalSection
	GlobalSection(ProjectConfigurationPlatforms) = postSolution
		{C176DA88-9FFD-4D11-9ACD-44D5B713304C}.Debug|Any CPU.ActiveCfg = Debug|Any CPU
		{C176DA88-9FFD-4D11-9ACD-44D5B713304C}.Debug|Any CPU.Build.0 = Debug|Any CPU
		{C176DA88-9FFD-4D11-9ACD-44D5B713304C}.Release|Any CPU.ActiveCfg = Release|Any CPU
		{C176DA88-9FFD-4D11-9ACD-44D5B713304C}.Release|Any CPU.Build.0 = Release|Any CPU
	EndGlobalSection
	GlobalSection(SolutionProperties) = preSolution
		HideSolutionNode = FALSE
	EndGlobalSection
	GlobalSection(ExtensibilityGlobals) = postSolution
		SolutionGuid = {3DE1F8E2-539F-48E8-A12D-4CE68689F769}
	EndGlobalSection
EndGlobal
